
Microsoft Visual Studio Solution File, Format Version 12.00
Project("{FAE04EC0-301F-11D3-BF4B-00C04F79EFBC}") = "Beginner.1-Program-Layout", "Beginner\Beginner.1-Program-Layout\Beginner.1-Program-Layout.csproj", "{A51C4C44-6D94-4651-9F58-AFB2C67512A7}"
EndProject
Project("{2150E333-8FDC-42A3-9474-1A3956D46DE8}") = "Beginner", "Beginner", "{E2341C1D-11C4-40D1-814F-8953013ADADB}"
EndProject
Project("{2150E333-8FDC-42A3-9474-1A3956D46DE8}") = "Tests", "Tests", "{B0EA8A21-985F-4D1E-9E57-F82A8C7D2D7F}"
EndProject
Project("{2150E333-8FDC-42A3-9474-1A3956D46DE8}") = "Beginner", "Beginner", "{9584936B-497E-4543-BC57-2AF5C052D7DD}"
EndProject
Project("{FAE04EC0-301F-11D3-BF4B-00C04F79EFBC}") = "Beginner.1-Program-Layout.Tests", "Tests\Beginner.1-Program-Layout.Tests\Beginner.1-Program-Layout.Tests.csproj", "{B02A77CD-ED1C-4A43-88CF-D21D8DE9AC56}"
EndProject
Project("{FAE04EC0-301F-11D3-BF4B-00C04F79EFBC}") = "Beginner.2-Variables", "Beginner\Beginner.2-Variables\Beginner.2-Variables.csproj", "{3660398D-5859-41EC-8510-B0D05C3666A9}"
EndProject
Project("{FAE04EC0-301F-11D3-BF4B-00C04F79EFBC}") = "Beginner.2-Variables.Tests", "Tests\Beginner.2-Variables.Tests\Beginner.2-Variables.Tests.csproj", "{3A0281BC-BDDA-4211-8264-B547B6F12481}"
EndProject
Project("{FAE04EC0-301F-11D3-BF4B-00C04F79EFBC}") = "Beginner.3-Methods", "Beginner\Beginner.3-Methods\Beginner.3-Methods.csproj", "{5BD7B120-C0C7-42B2-B9AD-CC82C5322AE1}"
EndProject
Project("{FAE04EC0-301F-11D3-BF4B-00C04F79EFBC}") = "Beginner.3-Methods.Tests", "Tests\Beginner.3-Methods.Tests\Beginner.3-Methods.Tests.csproj", "{FAE5F1B9-2E95-458E-897A-0FD0BAD413C1}"
EndProject
Project("{FAE04EC0-301F-11D3-BF4B-00C04F79EFBC}") = "ConsoleOutput", "ConsoleOutput\ConsoleOutput.csproj", "{E1A6894B-218E-4F9C-81BD-6E1CAE9CD808}"
EndProject
Global
	GlobalSection(SolutionConfigurationPlatforms) = preSolution
		Debug|Any CPU = Debug|Any CPU
		Release|Any CPU = Release|Any CPU
	EndGlobalSection
	GlobalSection(ProjectConfigurationPlatforms) = postSolution
		{A51C4C44-6D94-4651-9F58-AFB2C67512A7}.Debug|Any CPU.ActiveCfg = Debug|Any CPU
		{A51C4C44-6D94-4651-9F58-AFB2C67512A7}.Debug|Any CPU.Build.0 = Debug|Any CPU
		{A51C4C44-6D94-4651-9F58-AFB2C67512A7}.Release|Any CPU.ActiveCfg = Release|Any CPU
		{A51C4C44-6D94-4651-9F58-AFB2C67512A7}.Release|Any CPU.Build.0 = Release|Any CPU
		{B02A77CD-ED1C-4A43-88CF-D21D8DE9AC56}.Debug|Any CPU.ActiveCfg = Debug|Any CPU
		{B02A77CD-ED1C-4A43-88CF-D21D8DE9AC56}.Debug|Any CPU.Build.0 = Debug|Any CPU
		{B02A77CD-ED1C-4A43-88CF-D21D8DE9AC56}.Release|Any CPU.ActiveCfg = Release|Any CPU
		{B02A77CD-ED1C-4A43-88CF-D21D8DE9AC56}.Release|Any CPU.Build.0 = Release|Any CPU
		{3660398D-5859-41EC-8510-B0D05C3666A9}.Debug|Any CPU.ActiveCfg = Debug|Any CPU
		{3660398D-5859-41EC-8510-B0D05C3666A9}.Debug|Any CPU.Build.0 = Debug|Any CPU
		{3660398D-5859-41EC-8510-B0D05C3666A9}.Release|Any CPU.ActiveCfg = Release|Any CPU
		{3660398D-5859-41EC-8510-B0D05C3666A9}.Release|Any CPU.Build.0 = Release|Any CPU
		{3A0281BC-BDDA-4211-8264-B547B6F12481}.Debug|Any CPU.ActiveCfg = Debug|Any CPU
		{3A0281BC-BDDA-4211-8264-B547B6F12481}.Debug|Any CPU.Build.0 = Debug|Any CPU
		{3A0281BC-BDDA-4211-8264-B547B6F12481}.Release|Any CPU.ActiveCfg = Release|Any CPU
		{3A0281BC-BDDA-4211-8264-B547B6F12481}.Release|Any CPU.Build.0 = Release|Any CPU
		{5BD7B120-C0C7-42B2-B9AD-CC82C5322AE1}.Debug|Any CPU.ActiveCfg = Debug|Any CPU
		{5BD7B120-C0C7-42B2-B9AD-CC82C5322AE1}.Debug|Any CPU.Build.0 = Debug|Any CPU
		{5BD7B120-C0C7-42B2-B9AD-CC82C5322AE1}.Release|Any CPU.ActiveCfg = Release|Any CPU
		{5BD7B120-C0C7-42B2-B9AD-CC82C5322AE1}.Release|Any CPU.Build.0 = Release|Any CPU
		{FAE5F1B9-2E95-458E-897A-0FD0BAD413C1}.Debug|Any CPU.ActiveCfg = Debug|Any CPU
		{FAE5F1B9-2E95-458E-897A-0FD0BAD413C1}.Debug|Any CPU.Build.0 = Debug|Any CPU
		{FAE5F1B9-2E95-458E-897A-0FD0BAD413C1}.Release|Any CPU.ActiveCfg = Release|Any CPU
		{FAE5F1B9-2E95-458E-897A-0FD0BAD413C1}.Release|Any CPU.Build.0 = Release|Any CPU
		{E1A6894B-218E-4F9C-81BD-6E1CAE9CD808}.Debug|Any CPU.ActiveCfg = Debug|Any CPU
		{E1A6894B-218E-4F9C-81BD-6E1CAE9CD808}.Debug|Any CPU.Build.0 = Debug|Any CPU
		{E1A6894B-218E-4F9C-81BD-6E1CAE9CD808}.Release|Any CPU.ActiveCfg = Release|Any CPU
		{E1A6894B-218E-4F9C-81BD-6E1CAE9CD808}.Release|Any CPU.Build.0 = Release|Any CPU
	EndGlobalSection
	GlobalSection(NestedProjects) = preSolution
		{A51C4C44-6D94-4651-9F58-AFB2C67512A7} = {E2341C1D-11C4-40D1-814F-8953013ADADB}
		{9584936B-497E-4543-BC57-2AF5C052D7DD} = {B0EA8A21-985F-4D1E-9E57-F82A8C7D2D7F}
		{B02A77CD-ED1C-4A43-88CF-D21D8DE9AC56} = {9584936B-497E-4543-BC57-2AF5C052D7DD}
		{3660398D-5859-41EC-8510-B0D05C3666A9} = {E2341C1D-11C4-40D1-814F-8953013ADADB}
		{3A0281BC-BDDA-4211-8264-B547B6F12481} = {9584936B-497E-4543-BC57-2AF5C052D7DD}
		{5BD7B120-C0C7-42B2-B9AD-CC82C5322AE1} = {E2341C1D-11C4-40D1-814F-8953013ADADB}
		{FAE5F1B9-2E95-458E-897A-0FD0BAD413C1} = {9584936B-497E-4543-BC57-2AF5C052D7DD}
		{E1A6894B-218E-4F9C-81BD-6E1CAE9CD808} = {B0EA8A21-985F-4D1E-9E57-F82A8C7D2D7F}
	EndGlobalSection
EndGlobal
